
Microsoft Visual Studio Solution File, Format Version 12.00
# Visual Studio Version 17
VisualStudioVersion = 17.10.35027.167
MinimumVisualStudioVersion = 10.0.40219.1
Project("{2150E333-8FDC-42A3-9474-1A3956D46DE8}") = "services", "services", "{D7164506-A317-4AD2-9D47-C9B5BC25376E}"
EndProject
Project("{2150E333-8FDC-42A3-9474-1A3956D46DE8}") = "web", "web", "{A3CA1ADF-CC46-443E-A02E-5EC3BEE1B6F0}"
EndProject
Project("{9A19103F-16F7-4668-BE54-9A1E7A4F7556}") = "LP.Authentication.API", "src\services\LP.Authentication.API\LP.Authentication.API.csproj", "{EB16FCE4-0E7D-49F3-9C9B-B46741CC0D85}"
EndProject
Project("{9A19103F-16F7-4668-BE54-9A1E7A4F7556}") = "LP.Application.API", "src\services\LP.Application.API\LP.Application.API.csproj", "{98EDC245-576E-4282-B40B-BA976061A630}"
EndProject
Project("{2150E333-8FDC-42A3-9474-1A3956D46DE8}") = "shared", "shared", "{E4ED7AC0-1069-4732-8A15-456271B25972}"
EndProject
Project("{2150E333-8FDC-42A3-9474-1A3956D46DE8}") = "Authentication", "Authentication", "{E4A1FDE6-5663-420B-BED0-8C064D0F59A3}"
EndProject
Project("{2150E333-8FDC-42A3-9474-1A3956D46DE8}") = "Application", "Application", "{089AA098-5F23-464B-A832-2459DFDEB186}"
EndProject
Project("{9A19103F-16F7-4668-BE54-9A1E7A4F7556}") = "Lp.WebApp", "src\web\Lp.WebApp\Lp.WebApp.csproj", "{F1EB9FAA-3CDD-4CAF-BC8D-70856558428E}"
EndProject
Project("{FAE04EC0-301F-11D3-BF4B-00C04F79EFBC}") = "LP.Shared", "src\shared\LP.Shared\LP.Shared.csproj", "{E009C7FC-0A37-4DCE-AA34-787D323D6DB0}"
EndProject
Global
	GlobalSection(SolutionConfigurationPlatforms) = preSolution
		Debug|Any CPU = Debug|Any CPU
		Release|Any CPU = Release|Any CPU
	EndGlobalSection
	GlobalSection(ProjectConfigurationPlatforms) = postSolution
		{EB16FCE4-0E7D-49F3-9C9B-B46741CC0D85}.Debug|Any CPU.ActiveCfg = Debug|Any CPU
		{EB16FCE4-0E7D-49F3-9C9B-B46741CC0D85}.Debug|Any CPU.Build.0 = Debug|Any CPU
		{EB16FCE4-0E7D-49F3-9C9B-B46741CC0D85}.Release|Any CPU.ActiveCfg = Release|Any CPU
		{EB16FCE4-0E7D-49F3-9C9B-B46741CC0D85}.Release|Any CPU.Build.0 = Release|Any CPU
		{98EDC245-576E-4282-B40B-BA976061A630}.Debug|Any CPU.ActiveCfg = Debug|Any CPU
		{98EDC245-576E-4282-B40B-BA976061A630}.Debug|Any CPU.Build.0 = Debug|Any CPU
		{98EDC245-576E-4282-B40B-BA976061A630}.Release|Any CPU.ActiveCfg = Release|Any CPU
		{98EDC245-576E-4282-B40B-BA976061A630}.Release|Any CPU.Build.0 = Release|Any CPU
		{F1EB9FAA-3CDD-4CAF-BC8D-70856558428E}.Debug|Any CPU.ActiveCfg = Debug|Any CPU
		{F1EB9FAA-3CDD-4CAF-BC8D-70856558428E}.Debug|Any CPU.Build.0 = Debug|Any CPU
		{F1EB9FAA-3CDD-4CAF-BC8D-70856558428E}.Release|Any CPU.ActiveCfg = Release|Any CPU
		{F1EB9FAA-3CDD-4CAF-BC8D-70856558428E}.Release|Any CPU.Build.0 = Release|Any CPU
		{E009C7FC-0A37-4DCE-AA34-787D323D6DB0}.Debug|Any CPU.ActiveCfg = Debug|Any CPU
		{E009C7FC-0A37-4DCE-AA34-787D323D6DB0}.Debug|Any CPU.Build.0 = Debug|Any CPU
		{E009C7FC-0A37-4DCE-AA34-787D323D6DB0}.Release|Any CPU.ActiveCfg = Release|Any CPU
		{E009C7FC-0A37-4DCE-AA34-787D323D6DB0}.Release|Any CPU.Build.0 = Release|Any CPU
	EndGlobalSection
	GlobalSection(SolutionProperties) = preSolution
		HideSolutionNode = FALSE
	EndGlobalSection
	GlobalSection(NestedProjects) = preSolution
		{EB16FCE4-0E7D-49F3-9C9B-B46741CC0D85} = {E4A1FDE6-5663-420B-BED0-8C064D0F59A3}
		{98EDC245-576E-4282-B40B-BA976061A630} = {089AA098-5F23-464B-A832-2459DFDEB186}
		{E4A1FDE6-5663-420B-BED0-8C064D0F59A3} = {D7164506-A317-4AD2-9D47-C9B5BC25376E}
		{089AA098-5F23-464B-A832-2459DFDEB186} = {D7164506-A317-4AD2-9D47-C9B5BC25376E}
		{F1EB9FAA-3CDD-4CAF-BC8D-70856558428E} = {A3CA1ADF-CC46-443E-A02E-5EC3BEE1B6F0}
		{E009C7FC-0A37-4DCE-AA34-787D323D6DB0} = {E4ED7AC0-1069-4732-8A15-456271B25972}
	EndGlobalSection
	GlobalSection(ExtensibilityGlobals) = postSolution
		SolutionGuid = {720461E7-B902-42BB-B66A-56730EE9ED5A}
	EndGlobalSection
EndGlobal
