
Microsoft Visual Studio Solution File, Format Version 12.00
# Visual Studio Version 17
VisualStudioVersion = 17.10.35027.167
MinimumVisualStudioVersion = 10.0.40219.1
Project("{2150E333-8FDC-42A3-9474-1A3956D46DE8}") = "src", "src", "{FF3107B6-53A0-46D9-B32F-5E7E4EB0837C}"
EndProject
Project("{9A19103F-16F7-4668-BE54-9A1E7A4F7556}") = "ProjectE.API", "src\ProjectE.API\ProjectE.API.csproj", "{0BF62A9B-13BA-4610-9616-451F0AB5A226}"
EndProject
Project("{9A19103F-16F7-4668-BE54-9A1E7A4F7556}") = "ProjectE.Application", "src\ProjectE.Application\ProjectE.Application.csproj", "{FDAC9559-C93F-4AE7-90CE-7D8C734C245D}"
EndProject
Project("{9A19103F-16F7-4668-BE54-9A1E7A4F7556}") = "ProjectE.Infrastructure", "src\ProjectE.Infrastructure\ProjectE.Infrastructure.csproj", "{DB065F10-D690-4CD9-9A3A-090915F2A8E1}"
EndProject
Project("{9A19103F-16F7-4668-BE54-9A1E7A4F7556}") = "ProjectE.Core", "src\ProjectE.Core\ProjectE.Core.csproj", "{01352A86-3A0D-4306-ACD1-A0005E22429C}"
EndProject
Project("{FAE04EC0-301F-11D3-BF4B-00C04F79EFBC}") = "ProjectE.UnitTests", "tests\ProjectE.UnitTests\ProjectE.UnitTests.csproj", "{64D7D078-991B-495E-AFC0-07A6FF8D51F7}"
EndProject
Project("{2150E333-8FDC-42A3-9474-1A3956D46DE8}") = "tests", "tests", "{16E4721A-CBEE-4358-8E50-6736A414C641}"
EndProject
Global
	GlobalSection(SolutionConfigurationPlatforms) = preSolution
		Debug|Any CPU = Debug|Any CPU
		Release|Any CPU = Release|Any CPU
	EndGlobalSection
	GlobalSection(ProjectConfigurationPlatforms) = postSolution
		{0BF62A9B-13BA-4610-9616-451F0AB5A226}.Debug|Any CPU.ActiveCfg = Debug|Any CPU
		{0BF62A9B-13BA-4610-9616-451F0AB5A226}.Debug|Any CPU.Build.0 = Debug|Any CPU
		{0BF62A9B-13BA-4610-9616-451F0AB5A226}.Release|Any CPU.ActiveCfg = Release|Any CPU
		{0BF62A9B-13BA-4610-9616-451F0AB5A226}.Release|Any CPU.Build.0 = Release|Any CPU
		{FDAC9559-C93F-4AE7-90CE-7D8C734C245D}.Debug|Any CPU.ActiveCfg = Debug|Any CPU
		{FDAC9559-C93F-4AE7-90CE-7D8C734C245D}.Debug|Any CPU.Build.0 = Debug|Any CPU
		{FDAC9559-C93F-4AE7-90CE-7D8C734C245D}.Release|Any CPU.ActiveCfg = Release|Any CPU
		{FDAC9559-C93F-4AE7-90CE-7D8C734C245D}.Release|Any CPU.Build.0 = Release|Any CPU
		{DB065F10-D690-4CD9-9A3A-090915F2A8E1}.Debug|Any CPU.ActiveCfg = Debug|Any CPU
		{DB065F10-D690-4CD9-9A3A-090915F2A8E1}.Debug|Any CPU.Build.0 = Debug|Any CPU
		{DB065F10-D690-4CD9-9A3A-090915F2A8E1}.Release|Any CPU.ActiveCfg = Release|Any CPU
		{DB065F10-D690-4CD9-9A3A-090915F2A8E1}.Release|Any CPU.Build.0 = Release|Any CPU
		{01352A86-3A0D-4306-ACD1-A0005E22429C}.Debug|Any CPU.ActiveCfg = Debug|Any CPU
		{01352A86-3A0D-4306-ACD1-A0005E22429C}.Debug|Any CPU.Build.0 = Debug|Any CPU
		{01352A86-3A0D-4306-ACD1-A0005E22429C}.Release|Any CPU.ActiveCfg = Release|Any CPU
		{01352A86-3A0D-4306-ACD1-A0005E22429C}.Release|Any CPU.Build.0 = Release|Any CPU
		{64D7D078-991B-495E-AFC0-07A6FF8D51F7}.Debug|Any CPU.ActiveCfg = Debug|Any CPU
		{64D7D078-991B-495E-AFC0-07A6FF8D51F7}.Debug|Any CPU.Build.0 = Debug|Any CPU
		{64D7D078-991B-495E-AFC0-07A6FF8D51F7}.Release|Any CPU.ActiveCfg = Release|Any CPU
		{64D7D078-991B-495E-AFC0-07A6FF8D51F7}.Release|Any CPU.Build.0 = Release|Any CPU
	EndGlobalSection
	GlobalSection(SolutionProperties) = preSolution
		HideSolutionNode = FALSE
	EndGlobalSection
	GlobalSection(NestedProjects) = preSolution
		{0BF62A9B-13BA-4610-9616-451F0AB5A226} = {FF3107B6-53A0-46D9-B32F-5E7E4EB0837C}
		{FDAC9559-C93F-4AE7-90CE-7D8C734C245D} = {FF3107B6-53A0-46D9-B32F-5E7E4EB0837C}
		{DB065F10-D690-4CD9-9A3A-090915F2A8E1} = {FF3107B6-53A0-46D9-B32F-5E7E4EB0837C}
		{01352A86-3A0D-4306-ACD1-A0005E22429C} = {FF3107B6-53A0-46D9-B32F-5E7E4EB0837C}
		{64D7D078-991B-495E-AFC0-07A6FF8D51F7} = {16E4721A-CBEE-4358-8E50-6736A414C641}
	EndGlobalSection
	GlobalSection(ExtensibilityGlobals) = postSolution
		SolutionGuid = {720461E7-B902-42BB-B66A-56730EE9ED5A}
	EndGlobalSection
EndGlobal
