
Microsoft Visual Studio Solution File, Format Version 12.00
# Visual Studio Version 17
VisualStudioVersion = 17.5.002.0
MinimumVisualStudioVersion = 10.0.40219.1
Project("{9A19103F-16F7-4668-BE54-9A1E7A4F7556}") = "ProjectE.API", "ProjectE.API\ProjectE.API.csproj", "{82958809-7B1B-4C96-B253-0C58D6C6BB98}"
EndProject
Project("{9A19103F-16F7-4668-BE54-9A1E7A4F7556}") = "ProjectE.Application", "ProjectE.Application\ProjectE.Application.csproj", "{B18EBB8C-591B-487A-BC0D-F9CCD907F39E}"
EndProject
Project("{9A19103F-16F7-4668-BE54-9A1E7A4F7556}") = "ProjectE.Core", "ProjectE.Core\ProjectE.Core.csproj", "{DB1C9953-3860-492D-BCBB-DE075DA58794}"
EndProject
Project("{9A19103F-16F7-4668-BE54-9A1E7A4F7556}") = "ProjectE.Infrastructure", "ProjectE.Infrastructure\ProjectE.Infrastructure.csproj", "{78AC30AB-564F-4AE3-9724-556BE7FD902F}"
EndProject
Global
	GlobalSection(SolutionConfigurationPlatforms) = preSolution
		Debug|Any CPU = Debug|Any CPU
		Release|Any CPU = Release|Any CPU
	EndGlobalSection
	GlobalSection(ProjectConfigurationPlatforms) = postSolution
		{82958809-7B1B-4C96-B253-0C58D6C6BB98}.Debug|Any CPU.ActiveCfg = Debug|Any CPU
		{82958809-7B1B-4C96-B253-0C58D6C6BB98}.Debug|Any CPU.Build.0 = Debug|Any CPU
		{82958809-7B1B-4C96-B253-0C58D6C6BB98}.Release|Any CPU.ActiveCfg = Release|Any CPU
		{82958809-7B1B-4C96-B253-0C58D6C6BB98}.Release|Any CPU.Build.0 = Release|Any CPU
		{B18EBB8C-591B-487A-BC0D-F9CCD907F39E}.Debug|Any CPU.ActiveCfg = Debug|Any CPU
		{B18EBB8C-591B-487A-BC0D-F9CCD907F39E}.Debug|Any CPU.Build.0 = Debug|Any CPU
		{B18EBB8C-591B-487A-BC0D-F9CCD907F39E}.Release|Any CPU.ActiveCfg = Release|Any CPU
		{B18EBB8C-591B-487A-BC0D-F9CCD907F39E}.Release|Any CPU.Build.0 = Release|Any CPU
		{DB1C9953-3860-492D-BCBB-DE075DA58794}.Debug|Any CPU.ActiveCfg = Debug|Any CPU
		{DB1C9953-3860-492D-BCBB-DE075DA58794}.Debug|Any CPU.Build.0 = Debug|Any CPU
		{DB1C9953-3860-492D-BCBB-DE075DA58794}.Release|Any CPU.ActiveCfg = Release|Any CPU
		{DB1C9953-3860-492D-BCBB-DE075DA58794}.Release|Any CPU.Build.0 = Release|Any CPU
		{78AC30AB-564F-4AE3-9724-556BE7FD902F}.Debug|Any CPU.ActiveCfg = Debug|Any CPU
		{78AC30AB-564F-4AE3-9724-556BE7FD902F}.Debug|Any CPU.Build.0 = Debug|Any CPU
		{78AC30AB-564F-4AE3-9724-556BE7FD902F}.Release|Any CPU.ActiveCfg = Release|Any CPU
		{78AC30AB-564F-4AE3-9724-556BE7FD902F}.Release|Any CPU.Build.0 = Release|Any CPU
	EndGlobalSection
	GlobalSection(SolutionProperties) = preSolution
		HideSolutionNode = FALSE
	EndGlobalSection
	GlobalSection(ExtensibilityGlobals) = postSolution
		SolutionGuid = {6761F83B-A37B-41C8-9474-CDE49FD9535F}
	EndGlobalSection
EndGlobal
